// !$*UTF8*$!
{
	archiveVersion = 1;
	classes = {
	};
	objectVersion = 50;
	objects = {

/* Begin PBXBuildFile section */
		D522F2BA2469540E00D20CAC /* AppDelegate.swift in Sources */ = {isa = PBXBuildFile; fileRef = D522F2B92469540E00D20CAC /* AppDelegate.swift */; };
		D522F2BC2469540E00D20CAC /* SceneDelegate.swift in Sources */ = {isa = PBXBuildFile; fileRef = D522F2BB2469540E00D20CAC /* SceneDelegate.swift */; };
		D522F2BE2469540E00D20CAC /* ContentView.swift in Sources */ = {isa = PBXBuildFile; fileRef = D522F2BD2469540E00D20CAC /* ContentView.swift */; };
		D522F2C02469541000D20CAC /* Assets.xcassets in Resources */ = {isa = PBXBuildFile; fileRef = D522F2BF2469541000D20CAC /* Assets.xcassets */; };
		D522F2C32469541000D20CAC /* Preview Assets.xcassets in Resources */ = {isa = PBXBuildFile; fileRef = D522F2C22469541000D20CAC /* Preview Assets.xcassets */; };
		D522F2C62469541000D20CAC /* LaunchScreen.storyboard in Resources */ = {isa = PBXBuildFile; fileRef = D522F2C42469541000D20CAC /* LaunchScreen.storyboard */; };
		D522F2D0246959E600D20CAC /* Post+Author+Story.swift in Sources */ = {isa = PBXBuildFile; fileRef = D522F2CF246959E600D20CAC /* Post+Author+Story.swift */; };
/* End PBXBuildFile section */

/* Begin PBXFileReference section */
		D522F2B62469540E00D20CAC /* InstaFeedSwiftUI.app */ = {isa = PBXFileReference; explicitFileType = wrapper.application; includeInIndex = 0; path = InstaFeedSwiftUI.app; sourceTree = BUILT_PRODUCTS_DIR; };
		D522F2B92469540E00D20CAC /* AppDelegate.swift */ = {isa = PBXFileReference; lastKnownFileType = sourcecode.swift; path = AppDelegate.swift; sourceTree = "<group>"; };
		D522F2BB2469540E00D20CAC /* SceneDelegate.swift */ = {isa = PBXFileReference; lastKnownFileType = sourcecode.swift; path = SceneDelegate.swift; sourceTree = "<group>"; };
		D522F2BD2469540E00D20CAC /* ContentView.swift */ = {isa = PBXFileReference; lastKnownFileType = sourcecode.swift; path = ContentView.swift; sourceTree = "<group>"; };
		D522F2BF2469541000D20CAC /* Assets.xcassets */ = {isa = PBXFileReference; lastKnownFileType = folder.assetcatalog; path = Assets.xcassets; sourceTree = "<group>"; };
		D522F2C22469541000D20CAC /* Preview Assets.xcassets */ = {isa = PBXFileReference; lastKnownFileType = folder.assetcatalog; path = "Preview Assets.xcassets"; sourceTree = "<group>"; };
		D522F2C52469541000D20CAC /* Base */ = {isa = PBXFileReference; lastKnownFileType = file.storyboard; name = Base; path = Base.lproj/LaunchScreen.storyboard; sourceTree = "<group>"; };
		D522F2C72469541000D20CAC /* Info.plist */ = {isa = PBXFileReference; lastKnownFileType = text.plist.xml; path = Info.plist; sourceTree = "<group>"; };
		D522F2CF246959E600D20CAC /* Post+Author+Story.swift */ = {isa = PBXFileReference; lastKnownFileType = sourcecode.swift; path = "Post+Author+Story.swift"; sourceTree = "<group>"; };
/* End PBXFileReference section */

/* Begin PBXFrameworksBuildPhase section */
		D522F2B32469540E00D20CAC /* Frameworks */ = {
			isa = PBXFrameworksBuildPhase;
			buildActionMask = 2147483647;
			files = (
			);
			runOnlyForDeploymentPostprocessing = 0;
		};
/* End PBXFrameworksBuildPhase section */

/* Begin PBXGroup section */
		D522F2AD2469540E00D20CAC = {
			isa = PBXGroup;
			children = (
				D522F2B82469540E00D20CAC /* InstaFeedSwiftUI */,
				D522F2B72469540E00D20CAC /* Products */,
			);
			sourceTree = "<group>";
		};
		D522F2B72469540E00D20CAC /* Products */ = {
			isa = PBXGroup;
			children = (
				D522F2B62469540E00D20CAC /* InstaFeedSwiftUI.app */,
			);
			name = Products;
			sourceTree = "<group>";
		};
		D522F2B82469540E00D20CAC /* InstaFeedSwiftUI */ = {
			isa = PBXGroup;
			children = (
				D522F2CE246959D400D20CAC /* Models */,
				D522F2B92469540E00D20CAC /* AppDelegate.swift */,
				D522F2BB2469540E00D20CAC /* SceneDelegate.swift */,
				D522F2BD2469540E00D20CAC /* ContentView.swift */,
				D522F2BF2469541000D20CAC /* Assets.xcassets */,
				D522F2C42469541000D20CAC /* LaunchScreen.storyboard */,
				D522F2C72469541000D20CAC /* Info.plist */,
				D522F2C12469541000D20CAC /* Preview Content */,
			);
			path = InstaFeedSwiftUI;
			sourceTree = "<group>";
		};
		D522F2C12469541000D20CAC /* Preview Content */ = {
			isa = PBXGroup;
			children = (
				D522F2C22469541000D20CAC /* Preview Assets.xcassets */,
			);
			path = "Preview Content";
			sourceTree = "<group>";
		};
		D522F2CE246959D400D20CAC /* Models */ = {
			isa = PBXGroup;
			children = (
				D522F2CF246959E600D20CAC /* Post+Author+Story.swift */,
			);
			path = Models;
			sourceTree = "<group>";
		};
/* End PBXGroup section */

/* Begin PBXNativeTarget section */
		D522F2B52469540E00D20CAC /* InstaFeedSwiftUI */ = {
			isa = PBXNativeTarget;
			buildConfigurationList = D522F2CA2469541000D20CAC /* Build configuration list for PBXNativeTarget "InstaFeedSwiftUI" */;
			buildPhases = (
				D522F2B22469540E00D20CAC /* Sources */,
				D522F2B32469540E00D20CAC /* Frameworks */,
				D522F2B42469540E00D20CAC /* Resources */,
			);
			buildRules = (
			);
			dependencies = (
			);
			name = InstaFeedSwiftUI;
			productName = InstaFeedSwiftUI;
			productReference = D522F2B62469540E00D20CAC /* InstaFeedSwiftUI.app */;
			productType = "com.apple.product-type.application";
		};
/* End PBXNativeTarget section */

/* Begin PBXProject section */
		D522F2AE2469540E00D20CAC /* Project object */ = {
			isa = PBXProject;
			attributes = {
				LastSwiftUpdateCheck = 1140;
				LastUpgradeCheck = 1140;
				ORGANIZATIONNAME = "Giuseppe Sapienza";
				TargetAttributes = {
					D522F2B52469540E00D20CAC = {
						CreatedOnToolsVersion = 11.4.1;
					};
				};
			};
			buildConfigurationList = D522F2B12469540E00D20CAC /* Build configuration list for PBXProject "InstaFeedSwiftUI" */;
			compatibilityVersion = "Xcode 9.3";
			developmentRegion = en;
			hasScannedForEncodings = 0;
			knownRegions = (
				en,
				Base,
			);
			mainGroup = D522F2AD2469540E00D20CAC;
			productRefGroup = D522F2B72469540E00D20CAC /* Products */;
			projectDirPath = "";
			projectRoot = "";
			targets = (
				D522F2B52469540E00D20CAC /* InstaFeedSwiftUI */,
			);
		};
/* End PBXProject section */

/* Begin PBXResourcesBuildPhase section */
		D522F2B42469540E00D20CAC /* Resources */ = {
			isa = PBXResourcesBuildPhase;
			buildActionMask = 2147483647;
			files = (
				D522F2C62469541000D20CAC /* LaunchScreen.storyboard in Resources */,
				D522F2C32469541000D20CAC /* Preview Assets.xcassets in Resources */,
				D522F2C02469541000D20CAC /* Assets.xcassets in Resources */,
			);
			runOnlyForDeploymentPostprocessing = 0;
		};
/* End PBXResourcesBuildPhase section */

/* Begin PBXSourcesBuildPhase section */
		D522F2B22469540E00D20CAC /* Sources */ = {
			isa = PBXSourcesBuildPhase;
			buildActionMask = 2147483647;
			files = (
				D522F2BA2469540E00D20CAC /* AppDelegate.swift in Sources */,
				D522F2BC2469540E00D20CAC /* SceneDelegate.swift in Sources */,
				D522F2D0246959E600D20CAC /* Post+Author+Story.swift in Sources */,
				D522F2BE2469540E00D20CAC /* ContentView.swift in Sources */,
			);
			runOnlyForDeploymentPostprocessing = 0;
		};
/* End PBXSourcesBuildPhase section */

/* Begin PBXVariantGroup section */
		D522F2C42469541000D20CAC /* LaunchScreen.storyboard */ = {
			isa = PBXVariantGroup;
			children = (
				D522F2C52469541000D20CAC /* Base */,
			);
			name = LaunchScreen.storyboard;
			sourceTree = "<group>";
		};
/* End PBXVariantGroup section */

/* Begin XCBuildConfiguration section */
		D522F2C82469541000D20CAC /* Debug */ = {
			isa = XCBuildConfiguration;
			buildSettings = {
				ALWAYS_SEARCH_USER_PATHS = NO;
				CLANG_ANALYZER_NONNULL = YES;
				CLANG_ANALYZER_NUMBER_OBJECT_CONVERSION = YES_AGGRESSIVE;
				CLANG_CXX_LANGUAGE_STANDARD = "gnu++14";
				CLANG_CXX_LIBRARY = "libc++";
				CLANG_ENABLE_MODULES = YES;
				CLANG_ENABLE_OBJC_ARC = YES;
				CLANG_ENABLE_OBJC_WEAK = YES;
				CLANG_WARN_BLOCK_CAPTURE_AUTORELEASING = YES;
				CLANG_WARN_BOOL_CONVERSION = YES;
				CLANG_WARN_COMMA = YES;
				CLANG_WARN_CONSTANT_CONVERSION = YES;
				CLANG_WARN_DEPRECATED_OBJC_IMPLEMENTATIONS = YES;
				CLANG_WARN_DIRECT_OBJC_ISA_USAGE = YES_ERROR;
				CLANG_WARN_DOCUMENTATION_COMMENTS = YES;
				CLANG_WARN_EMPTY_BODY = YES;
				CLANG_WARN_ENUM_CONVERSION = YES;
				CLANG_WARN_INFINITE_RECURSION = YES;
				CLANG_WARN_INT_CONVERSION = YES;
				CLANG_WARN_NON_LITERAL_NULL_CONVERSION = YES;
				CLANG_WARN_OBJC_IMPLICIT_RETAIN_SELF = YES;
				CLANG_WARN_OBJC_LITERAL_CONVERSION = YES;
				CLANG_WARN_OBJC_ROOT_CLASS = YES_ERROR;
				CLANG_WARN_RANGE_LOOP_ANALYSIS = YES;
				CLANG_WARN_STRICT_PROTOTYPES = YES;
				CLANG_WARN_SUSPICIOUS_MOVE = YES;
				CLANG_WARN_UNGUARDED_AVAILABILITY = YES_AGGRESSIVE;
				CLANG_WARN_UNREACHABLE_CODE = YES;
				CLANG_WARN__DUPLICATE_METHOD_MATCH = YES;
				COPY_PHASE_STRIP = NO;
				DEBUG_INFORMATION_FORMAT = dwarf;
				ENABLE_STRICT_OBJC_MSGSEND = YES;
				ENABLE_TESTABILITY = YES;
				GCC_C_LANGUAGE_STANDARD = gnu11;
				GCC_DYNAMIC_NO_PIC = NO;
				GCC_NO_COMMON_BLOCKS = YES;
				GCC_OPTIMIZATION_LEVEL = 0;
				GCC_PREPROCESSOR_DEFINITIONS = (
					"DEBUG=1",
					"$(inherited)",
				);
				GCC_WARN_64_TO_32_BIT_CONVERSION = YES;
				GCC_WARN_ABOUT_RETURN_TYPE = YES_ERROR;
				GCC_WARN_UNDECLARED_SELECTOR = YES;
				GCC_WARN_UNINITIALIZED_AUTOS = YES_AGGRESSIVE;
				GCC_WARN_UNUSED_FUNCTION = YES;
				GCC_WARN_UNUSED_VARIABLE = YES;
				IPHONEOS_DEPLOYMENT_TARGET = 13.4;
				MTL_ENABLE_DEBUG_INFO = INCLUDE_SOURCE;
				MTL_FAST_MATH = YES;
				ONLY_ACTIVE_ARCH = YES;
				SDKROOT = iphoneos;
				SWIFT_ACTIVE_COMPILATION_CONDITIONS = DEBUG;
				SWIFT_OPTIMIZATION_LEVEL = "-Onone";
			};
			name = Debug;
		};
		D522F2C92469541000D20CAC /* Release */ = {
			isa = XCBuildConfiguration;
			buildSettings = {
				ALWAYS_SEARCH_USER_PATHS = NO;
				CLANG_ANALYZER_NONNULL = YES;
				CLANG_ANALYZER_NUMBER_OBJECT_CONVERSION = YES_AGGRESSIVE;
				CLANG_CXX_LANGUAGE_STANDARD = "gnu++14";
				CLANG_CXX_LIBRARY = "libc++";
				CLANG_ENABLE_MODULES = YES;
				CLANG_ENABLE_OBJC_ARC = YES;
				CLANG_ENABLE_OBJC_WEAK = YES;
				CLANG_WARN_BLOCK_CAPTURE_AUTORELEASING = YES;
				CLANG_WARN_BOOL_CONVERSION = YES;
				CLANG_WARN_COMMA = YES;
				CLANG_WARN_CONSTANT_CONVERSION = YES;
				CLANG_WARN_DEPRECATED_OBJC_IMPLEMENTATIONS = YES;
				CLANG_WARN_DIRECT_OBJC_ISA_USAGE = YES_ERROR;
				CLANG_WARN_DOCUMENTATION_COMMENTS = YES;
				CLANG_WARN_EMPTY_BODY = YES;
				CLANG_WARN_ENUM_CONVERSION = YES;
				CLANG_WARN_INFINITE_RECURSION = YES;
				CLANG_WARN_INT_CONVERSION = YES;
				CLANG_WARN_NON_LITERAL_NULL_CONVERSION = YES;
				CLANG_WARN_OBJC_IMPLICIT_RETAIN_SELF = YES;
				CLANG_WARN_OBJC_LITERAL_CONVERSION = YES;
				CLANG_WARN_OBJC_ROOT_CLASS = YES_ERROR;
				CLANG_WARN_RANGE_LOOP_ANALYSIS = YES;
				CLANG_WARN_STRICT_PROTOTYPES = YES;
				CLANG_WARN_SUSPICIOUS_MOVE = YES;
				CLANG_WARN_UNGUARDED_AVAILABILITY = YES_AGGRESSIVE;
				CLANG_WARN_UNREACHABLE_CODE = YES;
				CLANG_WARN__DUPLICATE_METHOD_MATCH = YES;
				COPY_PHASE_STRIP = NO;
				DEBUG_INFORMATION_FORMAT = "dwarf-with-dsym";
				ENABLE_NS_ASSERTIONS = NO;
				ENABLE_STRICT_OBJC_MSGSEND = YES;
				GCC_C_LANGUAGE_STANDARD = gnu11;
				GCC_NO_COMMON_BLOCKS = YES;
				GCC_WARN_64_TO_32_BIT_CONVERSION = YES;
				GCC_WARN_ABOUT_RETURN_TYPE = YES_ERROR;
				GCC_WARN_UNDECLARED_SELECTOR = YES;
				GCC_WARN_UNINITIALIZED_AUTOS = YES_AGGRESSIVE;
				GCC_WARN_UNUSED_FUNCTION = YES;
				GCC_WARN_UNUSED_VARIABLE = YES;
				IPHONEOS_DEPLOYMENT_TARGET = 13.4;
				MTL_ENABLE_DEBUG_INFO = NO;
				MTL_FAST_MATH = YES;
				SDKROOT = iphoneos;
				SWIFT_COMPILATION_MODE = wholemodule;
				SWIFT_OPTIMIZATION_LEVEL = "-O";
				VALIDATE_PRODUCT = YES;
			};
			name = Release;
		};
		D522F2CB2469541000D20CAC /* Debug */ = {
			isa = XCBuildConfiguration;
			buildSettings = {
				ASSETCATALOG_COMPILER_APPICON_NAME = AppIcon;
				CODE_SIGN_STYLE = Automatic;
				DEVELOPMENT_ASSET_PATHS = "\"InstaFeedSwiftUI/Preview Content\"";
				DEVELOPMENT_TEAM = 3D97B935TR;
				ENABLE_PREVIEWS = YES;
				INFOPLIST_FILE = InstaFeedSwiftUI/Info.plist;
				LD_RUNPATH_SEARCH_PATHS = (
					"$(inherited)",
					"@executable_path/Frameworks",
				);
				PRODUCT_BUNDLE_IDENTIFIER = xCoding.it.InstaFeedSwiftUI;
				PRODUCT_NAME = "$(TARGET_NAME)";
				SWIFT_VERSION = 5.0;
				TARGETED_DEVICE_FAMILY = "1,2";
			};
			name = Debug;
		};
		D522F2CC2469541000D20CAC /* Release */ = {
			isa = XCBuildConfiguration;
			buildSettings = {
				ASSETCATALOG_COMPILER_APPICON_NAME = AppIcon;
				CODE_SIGN_STYLE = Automatic;
				DEVELOPMENT_ASSET_PATHS = "\"InstaFeedSwiftUI/Preview Content\"";
				DEVELOPMENT_TEAM = 3D97B935TR;
				ENABLE_PREVIEWS = YES;
				INFOPLIST_FILE = InstaFeedSwiftUI/Info.plist;
				LD_RUNPATH_SEARCH_PATHS = (
					"$(inherited)",
					"@executable_path/Frameworks",
				);
				PRODUCT_BUNDLE_IDENTIFIER = xCoding.it.InstaFeedSwiftUI;
				PRODUCT_NAME = "$(TARGET_NAME)";
				SWIFT_VERSION = 5.0;
				TARGETED_DEVICE_FAMILY = "1,2";
			};
			name = Release;
		};
/* End XCBuildConfiguration section */

/* Begin XCConfigurationList section */
		D522F2B12469540E00D20CAC /* Build configuration list for PBXProject "InstaFeedSwiftUI" */ = {
			isa = XCConfigurationList;
			buildConfigurations = (
				D522F2C82469541000D20CAC /* Debug */,
				D522F2C92469541000D20CAC /* Release */,
			);
			defaultConfigurationIsVisible = 0;
			defaultConfigurationName = Release;
		};
		D522F2CA2469541000D20CAC /* Build configuration list for PBXNativeTarget "InstaFeedSwiftUI" */ = {
			isa = XCConfigurationList;
			buildConfigurations = (
				D522F2CB2469541000D20CAC /* Debug */,
				D522F2CC2469541000D20CAC /* Release */,
			);
			defaultConfigurationIsVisible = 0;
			defaultConfigurationName = Release;
		};
/* End XCConfigurationList section */
	};
	rootObject = D522F2AE2469540E00D20CAC /* Project object */;
}
